
Microsoft Visual Studio Solution File, Format Version 12.00
# Visual Studio Version 16
VisualStudioVersion = 16.0.29613.14
MinimumVisualStudioVersion = 10.0.40219.1
Project("{FAE04EC0-301F-11D3-BF4B-00C04F79EFBC}") = "BrokerPortalMobile", "BrokerPortalMobile\BrokerPortalMobile.csproj", "{1713EE98-EC36-4C2B-AC6D-1402A8FEE6DE}"
EndProject
Global
	GlobalSection(SolutionConfigurationPlatforms) = preSolution
		Debug|Any CPU = Debug|Any CPU
		Release|Any CPU = Release|Any CPU
	EndGlobalSection
	GlobalSection(ProjectConfigurationPlatforms) = postSolution
		{1713EE98-EC36-4C2B-AC6D-1402A8FEE6DE}.Debug|Any CPU.ActiveCfg = Debug|Any CPU
		{1713EE98-EC36-4C2B-AC6D-1402A8FEE6DE}.Debug|Any CPU.Build.0 = Debug|Any CPU
		{1713EE98-EC36-4C2B-AC6D-1402A8FEE6DE}.Release|Any CPU.ActiveCfg = Release|Any CPU
		{1713EE98-EC36-4C2B-AC6D-1402A8FEE6DE}.Release|Any CPU.Build.0 = Release|Any CPU
	EndGlobalSection
	GlobalSection(SolutionProperties) = preSolution
		HideSolutionNode = FALSE
	EndGlobalSection
	GlobalSection(ExtensibilityGlobals) = postSolution
		SolutionGuid = {8D1F6E9B-4F2A-438A-AE31-D3A186E20E4A}
	EndGlobalSection
	GlobalSection(TeamFoundationVersionControl) = preSolution
		SccNumberOfProjects = 2
		SccEnterpriseProvider = {4CA58AB2-18FA-4F8D-95D4-32DDF27D184C}
		SccTeamFoundationServer = https://tfs.firstcdn.com:8443/tfs/main
		SccLocalPath0 = .
		SccProjectUniqueName1 = BrokerPortalMobile\\BrokerPortalMobile.csproj
		SccProjectName1 = BrokerPortalMobile
		SccLocalPath1 = BrokerPortalMobile
	EndGlobalSection
EndGlobal
